
Microsoft Visual Studio Solution File, Format Version 12.00
# Visual Studio Version 17
VisualStudioVersion = 17.6.33712.159
MinimumVisualStudioVersion = 10.0.40219.1
Project("{2150E333-8FDC-42A3-9474-1A3956D46DE8}") = "script", "script", "{258C1FA8-93FC-4F56-8BEB-925DA1A0FFCF}"
EndProject
Project("{2150E333-8FDC-42A3-9474-1A3956D46DE8}") = "src", "src", "{A332FB99-C579-469E-875B-E82C7A1FEA95}"
EndProject
Project("{2150E333-8FDC-42A3-9474-1A3956D46DE8}") = "1 Facade", "1 Facade", "{9643AC1A-A241-4CDB-8BFD-A2CD8F3881E1}"
EndProject
Project("{2150E333-8FDC-42A3-9474-1A3956D46DE8}") = "2 Service", "2 Service", "{03B10560-A3DA-4955-BC1D-EBDC51B276A7}"
EndProject
Project("{2150E333-8FDC-42A3-9474-1A3956D46DE8}") = "3 Domain", "3 Domain", "{77C4C83C-E5F7-44FF-AFEA-9E5E6D1CB936}"
EndProject
Project("{2150E333-8FDC-42A3-9474-1A3956D46DE8}") = "4 Data", "4 Data", "{C188AB5B-C29B-43A4-A895-1243483DC3F7}"
EndProject
Project("{9A19103F-16F7-4668-BE54-9A1E7A4F7556}") = "Service", "src\Service\Service.csproj", "{43DEEAC4-40AA-4165-B962-60C175068B05}"
EndProject
Project("{9A19103F-16F7-4668-BE54-9A1E7A4F7556}") = "Domain", "src\Domain\Domain.csproj", "{38ADB7F6-FD03-46EF-898B-18FD951C3511}"
EndProject
Project("{9A19103F-16F7-4668-BE54-9A1E7A4F7556}") = "Facade", "src\Facade\Facade.csproj", "{61148834-99C4-4E5D-A57E-950E0F0BB711}"
EndProject
Project("{9A19103F-16F7-4668-BE54-9A1E7A4F7556}") = "Data.Sql", "src\Data.Sql\Data.Sql.csproj", "{F883DC7F-566A-442E-9E97-CC04C6148F49}"
EndProject
Project("{FAE04EC0-301F-11D3-BF4B-00C04F79EFBC}") = "Data.ConsumirApi", "Data.ConsumirApi\Data.ConsumirApi.csproj", "{454D28AF-6769-4C4A-823E-7EFAFC168372}"
EndProject
Global
	GlobalSection(SolutionConfigurationPlatforms) = preSolution
		Debug|Any CPU = Debug|Any CPU
		Release|Any CPU = Release|Any CPU
	EndGlobalSection
	GlobalSection(ProjectConfigurationPlatforms) = postSolution
		{43DEEAC4-40AA-4165-B962-60C175068B05}.Debug|Any CPU.ActiveCfg = Debug|Any CPU
		{43DEEAC4-40AA-4165-B962-60C175068B05}.Debug|Any CPU.Build.0 = Debug|Any CPU
		{43DEEAC4-40AA-4165-B962-60C175068B05}.Release|Any CPU.ActiveCfg = Release|Any CPU
		{43DEEAC4-40AA-4165-B962-60C175068B05}.Release|Any CPU.Build.0 = Release|Any CPU
		{38ADB7F6-FD03-46EF-898B-18FD951C3511}.Debug|Any CPU.ActiveCfg = Debug|Any CPU
		{38ADB7F6-FD03-46EF-898B-18FD951C3511}.Debug|Any CPU.Build.0 = Debug|Any CPU
		{38ADB7F6-FD03-46EF-898B-18FD951C3511}.Release|Any CPU.ActiveCfg = Release|Any CPU
		{38ADB7F6-FD03-46EF-898B-18FD951C3511}.Release|Any CPU.Build.0 = Release|Any CPU
		{61148834-99C4-4E5D-A57E-950E0F0BB711}.Debug|Any CPU.ActiveCfg = Debug|Any CPU
		{61148834-99C4-4E5D-A57E-950E0F0BB711}.Debug|Any CPU.Build.0 = Debug|Any CPU
		{61148834-99C4-4E5D-A57E-950E0F0BB711}.Release|Any CPU.ActiveCfg = Release|Any CPU
		{61148834-99C4-4E5D-A57E-950E0F0BB711}.Release|Any CPU.Build.0 = Release|Any CPU
		{F883DC7F-566A-442E-9E97-CC04C6148F49}.Debug|Any CPU.ActiveCfg = Debug|Any CPU
		{F883DC7F-566A-442E-9E97-CC04C6148F49}.Debug|Any CPU.Build.0 = Debug|Any CPU
		{F883DC7F-566A-442E-9E97-CC04C6148F49}.Release|Any CPU.ActiveCfg = Release|Any CPU
		{F883DC7F-566A-442E-9E97-CC04C6148F49}.Release|Any CPU.Build.0 = Release|Any CPU
		{454D28AF-6769-4C4A-823E-7EFAFC168372}.Debug|Any CPU.ActiveCfg = Debug|Any CPU
		{454D28AF-6769-4C4A-823E-7EFAFC168372}.Debug|Any CPU.Build.0 = Debug|Any CPU
		{454D28AF-6769-4C4A-823E-7EFAFC168372}.Release|Any CPU.ActiveCfg = Release|Any CPU
		{454D28AF-6769-4C4A-823E-7EFAFC168372}.Release|Any CPU.Build.0 = Release|Any CPU
	EndGlobalSection
	GlobalSection(SolutionProperties) = preSolution
		HideSolutionNode = FALSE
	EndGlobalSection
	GlobalSection(NestedProjects) = preSolution
		{9643AC1A-A241-4CDB-8BFD-A2CD8F3881E1} = {A332FB99-C579-469E-875B-E82C7A1FEA95}
		{03B10560-A3DA-4955-BC1D-EBDC51B276A7} = {A332FB99-C579-469E-875B-E82C7A1FEA95}
		{77C4C83C-E5F7-44FF-AFEA-9E5E6D1CB936} = {A332FB99-C579-469E-875B-E82C7A1FEA95}
		{C188AB5B-C29B-43A4-A895-1243483DC3F7} = {A332FB99-C579-469E-875B-E82C7A1FEA95}
		{43DEEAC4-40AA-4165-B962-60C175068B05} = {03B10560-A3DA-4955-BC1D-EBDC51B276A7}
		{38ADB7F6-FD03-46EF-898B-18FD951C3511} = {77C4C83C-E5F7-44FF-AFEA-9E5E6D1CB936}
		{61148834-99C4-4E5D-A57E-950E0F0BB711} = {9643AC1A-A241-4CDB-8BFD-A2CD8F3881E1}
		{F883DC7F-566A-442E-9E97-CC04C6148F49} = {C188AB5B-C29B-43A4-A895-1243483DC3F7}
		{454D28AF-6769-4C4A-823E-7EFAFC168372} = {C188AB5B-C29B-43A4-A895-1243483DC3F7}
	EndGlobalSection
	GlobalSection(ExtensibilityGlobals) = postSolution
		SolutionGuid = {F55A409D-CF36-4730-8032-671EB8FC18D3}
	EndGlobalSection
EndGlobal
